
Microsoft Visual Studio Solution File, Format Version 12.00
# Visual Studio 15
VisualStudioVersion = 15.0.27703.2026
MinimumVisualStudioVersion = 10.0.40219.1
Project("{FAE04EC0-301F-11D3-BF4B-00C04F79EFBC}") = "SimpleSignalR", "SimpleSignalR\SimpleSignalR.csproj", "{BDB0E5CC-B0D6-4847-BE79-CB0F1308AB8B}"
EndProject
Global
	GlobalSection(SolutionConfigurationPlatforms) = preSolution
		Debug|Any CPU = Debug|Any CPU
		Release|Any CPU = Release|Any CPU
	EndGlobalSection
	GlobalSection(ProjectConfigurationPlatforms) = postSolution
		{BDB0E5CC-B0D6-4847-BE79-CB0F1308AB8B}.Debug|Any CPU.ActiveCfg = Debug|Any CPU
		{BDB0E5CC-B0D6-4847-BE79-CB0F1308AB8B}.Debug|Any CPU.Build.0 = Debug|Any CPU
		{BDB0E5CC-B0D6-4847-BE79-CB0F1308AB8B}.Release|Any CPU.ActiveCfg = Release|Any CPU
		{BDB0E5CC-B0D6-4847-BE79-CB0F1308AB8B}.Release|Any CPU.Build.0 = Release|Any CPU
	EndGlobalSection
	GlobalSection(SolutionProperties) = preSolution
		HideSolutionNode = FALSE
	EndGlobalSection
	GlobalSection(ExtensibilityGlobals) = postSolution
		SolutionGuid = {DEB13F3D-1533-4481-9BF6-132CA353F9FB}
	EndGlobalSection
EndGlobal
